
Microsoft Visual Studio Solution File, Format Version 12.00
Project("{FAE04EC0-301F-11D3-BF4B-00C04F79EFBC}") = "TurboCollections", "TurboCollections\TurboCollections.csproj", "{406A054E-3445-437B-8E04-0A4C4D344C36}"
EndProject
Project("{FAE04EC0-301F-11D3-BF4B-00C04F79EFBC}") = "CustomerManagement", "CustomerManagement\CustomerManagement.csproj", "{23CA933E-FC7B-455F-8B6B-EED726E2FF05}"
EndProject
Global
	GlobalSection(SolutionConfigurationPlatforms) = preSolution
		Debug|Any CPU = Debug|Any CPU
		Release|Any CPU = Release|Any CPU
	EndGlobalSection
	GlobalSection(ProjectConfigurationPlatforms) = postSolution
		{406A054E-3445-437B-8E04-0A4C4D344C36}.Debug|Any CPU.ActiveCfg = Debug|Any CPU
		{406A054E-3445-437B-8E04-0A4C4D344C36}.Debug|Any CPU.Build.0 = Debug|Any CPU
		{406A054E-3445-437B-8E04-0A4C4D344C36}.Release|Any CPU.ActiveCfg = Release|Any CPU
		{406A054E-3445-437B-8E04-0A4C4D344C36}.Release|Any CPU.Build.0 = Release|Any CPU
		{23CA933E-FC7B-455F-8B6B-EED726E2FF05}.Debug|Any CPU.ActiveCfg = Debug|Any CPU
		{23CA933E-FC7B-455F-8B6B-EED726E2FF05}.Debug|Any CPU.Build.0 = Debug|Any CPU
		{23CA933E-FC7B-455F-8B6B-EED726E2FF05}.Release|Any CPU.ActiveCfg = Release|Any CPU
		{23CA933E-FC7B-455F-8B6B-EED726E2FF05}.Release|Any CPU.Build.0 = Release|Any CPU
	EndGlobalSection
EndGlobal
